
Microsoft Visual Studio Solution File, Format Version 12.00
Project("{FAE04EC0-301F-11D3-BF4B-00C04F79EFBC}") = "InferenceLlvm", "InferenceLlvm\InferenceLlvm.csproj", "{DC079906-0D2D-4CC8-A0D4-78845263ACDC}"
EndProject
Project("{FAE04EC0-301F-11D3-BF4B-00C04F79EFBC}") = "InferenceLlvm.Tests", "InferenceLlvm.Tests\InferenceLlvm.Tests.csproj", "{E7C15C74-6ED0-4D1D-8EF0-D9CFF1E5EBD3}"
EndProject
Global
	GlobalSection(SolutionConfigurationPlatforms) = preSolution
		Debug|Any CPU = Debug|Any CPU
		Release|Any CPU = Release|Any CPU
	EndGlobalSection
	GlobalSection(ProjectConfigurationPlatforms) = postSolution
		{DC079906-0D2D-4CC8-A0D4-78845263ACDC}.Debug|Any CPU.ActiveCfg = Debug|Any CPU
		{DC079906-0D2D-4CC8-A0D4-78845263ACDC}.Debug|Any CPU.Build.0 = Debug|Any CPU
		{DC079906-0D2D-4CC8-A0D4-78845263ACDC}.Release|Any CPU.ActiveCfg = Release|Any CPU
{DC079906-0D2D-4CC8-A0D4-78845263ACDC}.Release|Any CPU.Build.0 = Release|Any CPU
{E7C15C74-6ED0-4D1D-8EF0-D9CFF1E5EBD3}.Debug|Any CPU.ActiveCfg = Debug|Any CPU
{E7C15C74-6ED0-4D1D-8EF0-D9CFF1E5EBD3}.Debug|Any CPU.Build.0 = Debug|Any CPU
{E7C15C74-6ED0-4D1D-8EF0-D9CFF1E5EBD3}.Release|Any CPU.ActiveCfg = Release|Any CPU
{E7C15C74-6ED0-4D1D-8EF0-D9CFF1E5EBD3}.Release|Any CPU.Build.0 = Release|Any CPU
EndGlobalSection
EndGlobal
